
Microsoft Visual Studio Solution File, Format Version 12.00
# Visual Studio Version 16
VisualStudioVersion = 16.0.32413.511
MinimumVisualStudioVersion = 10.0.40219.1
Project("{FAE04EC0-301F-11D3-BF4B-00C04F79EFBC}") = "Figures", "Figures.csproj", "{86140BE9-8C6C-47D5-BEE3-11F9F19BBC33}"
EndProject
Global
	GlobalSection(SolutionConfigurationPlatforms) = preSolution
		Debug|Any CPU = Debug|Any CPU
		Release|Any CPU = Release|Any CPU
	EndGlobalSection
	GlobalSection(ProjectConfigurationPlatforms) = postSolution
		{86140BE9-8C6C-47D5-BEE3-11F9F19BBC33}.Debug|Any CPU.ActiveCfg = Debug|Any CPU
		{86140BE9-8C6C-47D5-BEE3-11F9F19BBC33}.Debug|Any CPU.Build.0 = Debug|Any CPU
		{86140BE9-8C6C-47D5-BEE3-11F9F19BBC33}.Release|Any CPU.ActiveCfg = Release|Any CPU
		{86140BE9-8C6C-47D5-BEE3-11F9F19BBC33}.Release|Any CPU.Build.0 = Release|Any CPU
	EndGlobalSection
	GlobalSection(SolutionProperties) = preSolution
		HideSolutionNode = FALSE
	EndGlobalSection
	GlobalSection(ExtensibilityGlobals) = postSolution
		SolutionGuid = {EE90DEA7-D142-4D09-B56F-788F041792F8}
	EndGlobalSection
EndGlobal
